
Microsoft Visual Studio Solution File, Format Version 12.00
# Visual Studio Version 17
VisualStudioVersion = 17.5.002.0
MinimumVisualStudioVersion = 10.0.40219.1
Project("{9A19103F-16F7-4668-BE54-9A1E7A4F7556}") = "SMSProject", "SMSProject.csproj", "{B3C0BCFD-4966-416B-AA32-E60E3852E875}"
EndProject
Global
	GlobalSection(SolutionConfigurationPlatforms) = preSolution
		Debug|Any CPU = Debug|Any CPU
		Release|Any CPU = Release|Any CPU
	EndGlobalSection
	GlobalSection(ProjectConfigurationPlatforms) = postSolution
		{B3C0BCFD-4966-416B-AA32-E60E3852E875}.Debug|Any CPU.ActiveCfg = Debug|Any CPU
		{B3C0BCFD-4966-416B-AA32-E60E3852E875}.Debug|Any CPU.Build.0 = Debug|Any CPU
		{B3C0BCFD-4966-416B-AA32-E60E3852E875}.Release|Any CPU.ActiveCfg = Release|Any CPU
		{B3C0BCFD-4966-416B-AA32-E60E3852E875}.Release|Any CPU.Build.0 = Release|Any CPU
	EndGlobalSection
	GlobalSection(SolutionProperties) = preSolution
		HideSolutionNode = FALSE
	EndGlobalSection
	GlobalSection(ExtensibilityGlobals) = postSolution
		SolutionGuid = {A398642B-6BD3-4CD6-9893-EC9B3A2C7BD6}
	EndGlobalSection
EndGlobal
